
Microsoft Visual Studio Solution File, Format Version 12.00
# Visual Studio Version 16
VisualStudioVersion = 16.0.30907.101
MinimumVisualStudioVersion = 10.0.40219.1
Project("{9A19103F-16F7-4668-BE54-9A1E7A4F7556}") = "SalesTransactionDemo", "SalesTransactionDemo.csproj", "{AB9F9910-70D7-407D-A31E-86A9CF037248}"
EndProject
Global
	GlobalSection(SolutionConfigurationPlatforms) = preSolution
		Debug|Any CPU = Debug|Any CPU
		Release|Any CPU = Release|Any CPU
	EndGlobalSection
	GlobalSection(ProjectConfigurationPlatforms) = postSolution
		{AB9F9910-70D7-407D-A31E-86A9CF037248}.Debug|Any CPU.ActiveCfg = Debug|Any CPU
		{AB9F9910-70D7-407D-A31E-86A9CF037248}.Debug|Any CPU.Build.0 = Debug|Any CPU
		{AB9F9910-70D7-407D-A31E-86A9CF037248}.Release|Any CPU.ActiveCfg = Release|Any CPU
		{AB9F9910-70D7-407D-A31E-86A9CF037248}.Release|Any CPU.Build.0 = Release|Any CPU
	EndGlobalSection
	GlobalSection(SolutionProperties) = preSolution
		HideSolutionNode = FALSE
	EndGlobalSection
	GlobalSection(ExtensibilityGlobals) = postSolution
		SolutionGuid = {C2ADAA4A-0D76-4D26-A30F-DF675B8CE8EE}
	EndGlobalSection
EndGlobal
